
Microsoft Visual Studio Solution File, Format Version 12.00
# Visual Studio 14
VisualStudioVersion = 14.0.25123.0
MinimumVisualStudioVersion = 10.0.40219.1
Project("{2150E333-8FDC-42A3-9474-1A3956D46DE8}") = "Solution Items", "Solution Items", "{FA495F48-ABF6-4DC9-876C-0865F0996A78}"
	ProjectSection(SolutionItems) = preProject
		README.md = README.md
	EndProjectSection
EndProject
Project("{FAE04EC0-301F-11D3-BF4B-00C04F79EFBC}") = "TestApp", "TestApp\TestApp.csproj", "{363CA16E-397E-47B7-9946-67F1102085E3}"
EndProject
Project("{FAE04EC0-301F-11D3-BF4B-00C04F79EFBC}") = "Xamarin.Android.ShortcutBadger", "Xamarin.Android.ShortcutBadger\Xamarin.Android.ShortcutBadger.csproj", "{A59AAC74-9F21-4284-8978-4B79CB89819E}"
EndProject
Global
	GlobalSection(SolutionConfigurationPlatforms) = preSolution
		Debug|Any CPU = Debug|Any CPU
		Release|Any CPU = Release|Any CPU
	EndGlobalSection
	GlobalSection(ProjectConfigurationPlatforms) = postSolution
		{363CA16E-397E-47B7-9946-67F1102085E3}.Debug|Any CPU.ActiveCfg = Debug|Any CPU
		{363CA16E-397E-47B7-9946-67F1102085E3}.Debug|Any CPU.Build.0 = Debug|Any CPU
		{363CA16E-397E-47B7-9946-67F1102085E3}.Debug|Any CPU.Deploy.0 = Debug|Any CPU
		{363CA16E-397E-47B7-9946-67F1102085E3}.Release|Any CPU.ActiveCfg = Release|Any CPU
		{363CA16E-397E-47B7-9946-67F1102085E3}.Release|Any CPU.Build.0 = Release|Any CPU
		{363CA16E-397E-47B7-9946-67F1102085E3}.Release|Any CPU.Deploy.0 = Release|Any CPU
		{A59AAC74-9F21-4284-8978-4B79CB89819E}.Debug|Any CPU.ActiveCfg = Debug|Any CPU
		{A59AAC74-9F21-4284-8978-4B79CB89819E}.Debug|Any CPU.Build.0 = Debug|Any CPU
		{A59AAC74-9F21-4284-8978-4B79CB89819E}.Release|Any CPU.ActiveCfg = Release|Any CPU
		{A59AAC74-9F21-4284-8978-4B79CB89819E}.Release|Any CPU.Build.0 = Release|Any CPU
	EndGlobalSection
	GlobalSection(SolutionProperties) = preSolution
		HideSolutionNode = FALSE
	EndGlobalSection
EndGlobal
